
Microsoft Visual Studio Solution File, Format Version 12.00
# Visual Studio Version 17
VisualStudioVersion = 17.13.35825.156
MinimumVisualStudioVersion = 10.0.40219.1
Project("{FAE04EC0-301F-11D3-BF4B-00C04F79EFBC}") = "UlamRandomizer", "UlamRandomizer.csproj", "{B874076E-2F79-4A6E-AE21-4E92177528F2}"
EndProject
Project("{FAE04EC0-301F-11D3-BF4B-00C04F79EFBC}") = "UlamRandomizerBusinessLogic", "UlamRandomizerBusinessLogic\UlamRandomizerBusinessLogic.csproj", "{FDBEF341-9141-0CA8-E7CA-43240E311DBF}"
EndProject
Project("{FAE04EC0-301F-11D3-BF4B-00C04F79EFBC}") = "UlamRandomizerDataLogic", "UlamRandomizerDataLogic\UlamRandomizerDataLogic.csproj", "{020AC6DA-9C31-7405-3786-56833A65C1CF}"
EndProject
Project("{FAE04EC0-301F-11D3-BF4B-00C04F79EFBC}") = "UlamCommon", "Ulam\UlamCommon.csproj", "{63F347E6-E0DA-FF56-FE7F-320DD8BCDEE2}"
EndProject
Global
	GlobalSection(SolutionConfigurationPlatforms) = preSolution
		Debug|Any CPU = Debug|Any CPU
		Release|Any CPU = Release|Any CPU
	EndGlobalSection
	GlobalSection(ProjectConfigurationPlatforms) = postSolution
		{B874076E-2F79-4A6E-AE21-4E92177528F2}.Debug|Any CPU.ActiveCfg = Debug|Any CPU
		{B874076E-2F79-4A6E-AE21-4E92177528F2}.Debug|Any CPU.Build.0 = Debug|Any CPU
		{B874076E-2F79-4A6E-AE21-4E92177528F2}.Release|Any CPU.ActiveCfg = Release|Any CPU
		{B874076E-2F79-4A6E-AE21-4E92177528F2}.Release|Any CPU.Build.0 = Release|Any CPU
		{FDBEF341-9141-0CA8-E7CA-43240E311DBF}.Debug|Any CPU.ActiveCfg = Debug|Any CPU
		{FDBEF341-9141-0CA8-E7CA-43240E311DBF}.Debug|Any CPU.Build.0 = Debug|Any CPU
		{FDBEF341-9141-0CA8-E7CA-43240E311DBF}.Release|Any CPU.ActiveCfg = Release|Any CPU
		{FDBEF341-9141-0CA8-E7CA-43240E311DBF}.Release|Any CPU.Build.0 = Release|Any CPU
		{020AC6DA-9C31-7405-3786-56833A65C1CF}.Debug|Any CPU.ActiveCfg = Debug|Any CPU
		{020AC6DA-9C31-7405-3786-56833A65C1CF}.Debug|Any CPU.Build.0 = Debug|Any CPU
		{020AC6DA-9C31-7405-3786-56833A65C1CF}.Release|Any CPU.ActiveCfg = Release|Any CPU
		{020AC6DA-9C31-7405-3786-56833A65C1CF}.Release|Any CPU.Build.0 = Release|Any CPU
		{63F347E6-E0DA-FF56-FE7F-320DD8BCDEE2}.Debug|Any CPU.ActiveCfg = Debug|Any CPU
		{63F347E6-E0DA-FF56-FE7F-320DD8BCDEE2}.Debug|Any CPU.Build.0 = Debug|Any CPU
		{63F347E6-E0DA-FF56-FE7F-320DD8BCDEE2}.Release|Any CPU.ActiveCfg = Release|Any CPU
		{63F347E6-E0DA-FF56-FE7F-320DD8BCDEE2}.Release|Any CPU.Build.0 = Release|Any CPU
	EndGlobalSection
	GlobalSection(SolutionProperties) = preSolution
		HideSolutionNode = FALSE
	EndGlobalSection
	GlobalSection(ExtensibilityGlobals) = postSolution
		SolutionGuid = {205B17D4-E164-42E0-BB06-A36BCE46375A}
	EndGlobalSection
EndGlobal
