
Microsoft Visual Studio Solution File, Format Version 12.00
# Visual Studio Version 17
VisualStudioVersion = 17.13.35825.156 d17.13
MinimumVisualStudioVersion = 10.0.40219.1
Project("{FAE04EC0-301F-11D3-BF4B-00C04F79EFBC}") = "UlamRandomizerGUI", "UlamRandomizerGUI.csproj", "{E5C8504E-580A-47DA-A576-D3E4972A1847}"
EndProject
Global
	GlobalSection(SolutionConfigurationPlatforms) = preSolution
		Debug|Any CPU = Debug|Any CPU
		Release|Any CPU = Release|Any CPU
	EndGlobalSection
	GlobalSection(ProjectConfigurationPlatforms) = postSolution
		{E5C8504E-580A-47DA-A576-D3E4972A1847}.Debug|Any CPU.ActiveCfg = Debug|Any CPU
		{E5C8504E-580A-47DA-A576-D3E4972A1847}.Debug|Any CPU.Build.0 = Debug|Any CPU
		{E5C8504E-580A-47DA-A576-D3E4972A1847}.Release|Any CPU.ActiveCfg = Release|Any CPU
		{E5C8504E-580A-47DA-A576-D3E4972A1847}.Release|Any CPU.Build.0 = Release|Any CPU
	EndGlobalSection
	GlobalSection(SolutionProperties) = preSolution
		HideSolutionNode = FALSE
	EndGlobalSection
	GlobalSection(ExtensibilityGlobals) = postSolution
		SolutionGuid = {0196CF31-535C-4DFF-9132-1C6D48C17897}
	EndGlobalSection
EndGlobal
